// !$*UTF8*$!
{
	archiveVersion = 1;
	classes = {
	};
	objectVersion = 56;
	objects = {

/* Begin PBXBuildFile section */
		F87DD5EB2AF0EC5800E5D940 /* TaxCalculatorApp.swift in Sources */ = {isa = PBXBuildFile; fileRef = F87DD5EA2AF0EC5800E5D940 /* TaxCalculatorApp.swift */; };
		F87DD5ED2AF0EC5800E5D940 /* ContentView.swift in Sources */ = {isa = PBXBuildFile; fileRef = F87DD5EC2AF0EC5800E5D940 /* ContentView.swift */; };
		F87DD5EF2AF0EC5A00E5D940 /* Assets.xcassets in Resources */ = {isa = PBXBuildFile; fileRef = F87DD5EE2AF0EC5A00E5D940 /* Assets.xcassets */; };
		F87DD5F22AF0EC5A00E5D940 /* Preview Assets.xcassets in Resources */ = {isa = PBXBuildFile; fileRef = F87DD5F12AF0EC5A00E5D940 /* Preview Assets.xcassets */; };
		F87DD5FC2AF0EC5A00E5D940 /* TaxCalculatorTests.swift in Sources */ = {isa = PBXBuildFile; fileRef = F87DD5FB2AF0EC5A00E5D940 /* TaxCalculatorTests.swift */; };
		F87DD6062AF0EC5A00E5D940 /* TaxCalculatorUITests.swift in Sources */ = {isa = PBXBuildFile; fileRef = F87DD6052AF0EC5A00E5D940 /* TaxCalculatorUITests.swift */; };
		F87DD6082AF0EC5A00E5D940 /* TaxCalculatorUITestsLaunchTests.swift in Sources */ = {isa = PBXBuildFile; fileRef = F87DD6072AF0EC5A00E5D940 /* TaxCalculatorUITestsLaunchTests.swift */; };
/* End PBXBuildFile section */

/* Begin PBXContainerItemProxy section */
		F87DD5F82AF0EC5A00E5D940 /* PBXContainerItemProxy */ = {
			isa = PBXContainerItemProxy;
			containerPortal = F87DD5DF2AF0EC5800E5D940 /* Project object */;
			proxyType = 1;
			remoteGlobalIDString = F87DD5E62AF0EC5800E5D940;
			remoteInfo = TaxCalculator;
		};
		F87DD6022AF0EC5A00E5D940 /* PBXContainerItemProxy */ = {
			isa = PBXContainerItemProxy;
			containerPortal = F87DD5DF2AF0EC5800E5D940 /* Project object */;
			proxyType = 1;
			remoteGlobalIDString = F87DD5E62AF0EC5800E5D940;
			remoteInfo = TaxCalculator;
		};
/* End PBXContainerItemProxy section */

/* Begin PBXFileReference section */
		F87DD5E72AF0EC5800E5D940 /* TaxCalculator.app */ = {isa = PBXFileReference; explicitFileType = wrapper.application; includeInIndex = 0; path = TaxCalculator.app; sourceTree = BUILT_PRODUCTS_DIR; };
		F87DD5EA2AF0EC5800E5D940 /* TaxCalculatorApp.swift */ = {isa = PBXFileReference; lastKnownFileType = sourcecode.swift; path = TaxCalculatorApp.swift; sourceTree = "<group>"; };
		F87DD5EC2AF0EC5800E5D940 /* ContentView.swift */ = {isa = PBXFileReference; lastKnownFileType = sourcecode.swift; path = ContentView.swift; sourceTree = "<group>"; };
		F87DD5EE2AF0EC5A00E5D940 /* Assets.xcassets */ = {isa = PBXFileReference; lastKnownFileType = folder.assetcatalog; path = Assets.xcassets; sourceTree = "<group>"; };
		F87DD5F12AF0EC5A00E5D940 /* Preview Assets.xcassets */ = {isa = PBXFileReference; lastKnownFileType = folder.assetcatalog; path = "Preview Assets.xcassets"; sourceTree = "<group>"; };
		F87DD5F72AF0EC5A00E5D940 /* TaxCalculatorTests.xctest */ = {isa = PBXFileReference; explicitFileType = wrapper.cfbundle; includeInIndex = 0; path = TaxCalculatorTests.xctest; sourceTree = BUILT_PRODUCTS_DIR; };
		F87DD5FB2AF0EC5A00E5D940 /* TaxCalculatorTests.swift */ = {isa = PBXFileReference; lastKnownFileType = sourcecode.swift; path = TaxCalculatorTests.swift; sourceTree = "<group>"; };
		F87DD6012AF0EC5A00E5D940 /* TaxCalculatorUITests.xctest */ = {isa = PBXFileReference; explicitFileType = wrapper.cfbundle; includeInIndex = 0; path = TaxCalculatorUITests.xctest; sourceTree = BUILT_PRODUCTS_DIR; };
		F87DD6052AF0EC5A00E5D940 /* TaxCalculatorUITests.swift */ = {isa = PBXFileReference; lastKnownFileType = sourcecode.swift; path = TaxCalculatorUITests.swift; sourceTree = "<group>"; };
		F87DD6072AF0EC5A00E5D940 /* TaxCalculatorUITestsLaunchTests.swift */ = {isa = PBXFileReference; lastKnownFileType = sourcecode.swift; path = TaxCalculatorUITestsLaunchTests.swift; sourceTree = "<group>"; };
/* End PBXFileReference section */

/* Begin PBXFrameworksBuildPhase section */
		F87DD5E42AF0EC5800E5D940 /* Frameworks */ = {
			isa = PBXFrameworksBuildPhase;
			buildActionMask = 2147483647;
			files = (
			);
			runOnlyForDeploymentPostprocessing = 0;
		};
		F87DD5F42AF0EC5A00E5D940 /* Frameworks */ = {
			isa = PBXFrameworksBuildPhase;
			buildActionMask = 2147483647;
			files = (
			);
			runOnlyForDeploymentPostprocessing = 0;
		};
		F87DD5FE2AF0EC5A00E5D940 /* Frameworks */ = {
			isa = PBXFrameworksBuildPhase;
			buildActionMask = 2147483647;
			files = (
			);
			runOnlyForDeploymentPostprocessing = 0;
		};
/* End PBXFrameworksBuildPhase section */

/* Begin PBXGroup section */
		F87DD5DE2AF0EC5800E5D940 = {
			isa = PBXGroup;
			children = (
				F87DD5E92AF0EC5800E5D940 /* TaxCalculator */,
				F87DD5FA2AF0EC5A00E5D940 /* TaxCalculatorTests */,
				F87DD6042AF0EC5A00E5D940 /* TaxCalculatorUITests */,
				F87DD5E82AF0EC5800E5D940 /* Products */,
			);
			sourceTree = "<group>";
		};
		F87DD5E82AF0EC5800E5D940 /* Products */ = {
			isa = PBXGroup;
			children = (
				F87DD5E72AF0EC5800E5D940 /* TaxCalculator.app */,
				F87DD5F72AF0EC5A00E5D940 /* TaxCalculatorTests.xctest */,
				F87DD6012AF0EC5A00E5D940 /* TaxCalculatorUITests.xctest */,
			);
			name = Products;
			sourceTree = "<group>";
		};
		F87DD5E92AF0EC5800E5D940 /* TaxCalculator */ = {
			isa = PBXGroup;
			children = (
				F87DD5EA2AF0EC5800E5D940 /* TaxCalculatorApp.swift */,
				F87DD5EC2AF0EC5800E5D940 /* ContentView.swift */,
				F87DD5EE2AF0EC5A00E5D940 /* Assets.xcassets */,
				F87DD5F02AF0EC5A00E5D940 /* Preview Content */,
			);
			path = TaxCalculator;
			sourceTree = "<group>";
		};
		F87DD5F02AF0EC5A00E5D940 /* Preview Content */ = {
			isa = PBXGroup;
			children = (
				F87DD5F12AF0EC5A00E5D940 /* Preview Assets.xcassets */,
			);
			path = "Preview Content";
			sourceTree = "<group>";
		};
		F87DD5FA2AF0EC5A00E5D940 /* TaxCalculatorTests */ = {
			isa = PBXGroup;
			children = (
				F87DD5FB2AF0EC5A00E5D940 /* TaxCalculatorTests.swift */,
			);
			path = TaxCalculatorTests;
			sourceTree = "<group>";
		};
		F87DD6042AF0EC5A00E5D940 /* TaxCalculatorUITests */ = {
			isa = PBXGroup;
			children = (
				F87DD6052AF0EC5A00E5D940 /* TaxCalculatorUITests.swift */,
				F87DD6072AF0EC5A00E5D940 /* TaxCalculatorUITestsLaunchTests.swift */,
			);
			path = TaxCalculatorUITests;
			sourceTree = "<group>";
		};
/* End PBXGroup section */

/* Begin PBXNativeTarget section */
		F87DD5E62AF0EC5800E5D940 /* TaxCalculator */ = {
			isa = PBXNativeTarget;
			buildConfigurationList = F87DD60B2AF0EC5A00E5D940 /* Build configuration list for PBXNativeTarget "TaxCalculator" */;
			buildPhases = (
				F87DD5E32AF0EC5800E5D940 /* Sources */,
				F87DD5E42AF0EC5800E5D940 /* Frameworks */,
				F87DD5E52AF0EC5800E5D940 /* Resources */,
			);
			buildRules = (
			);
			dependencies = (
			);
			name = TaxCalculator;
			productName = TaxCalculator;
			productReference = F87DD5E72AF0EC5800E5D940 /* TaxCalculator.app */;
			productType = "com.apple.product-type.application";
		};
		F87DD5F62AF0EC5A00E5D940 /* TaxCalculatorTests */ = {
			isa = PBXNativeTarget;
			buildConfigurationList = F87DD60E2AF0EC5A00E5D940 /* Build configuration list for PBXNativeTarget "TaxCalculatorTests" */;
			buildPhases = (
				F87DD5F32AF0EC5A00E5D940 /* Sources */,
				F87DD5F42AF0EC5A00E5D940 /* Frameworks */,
				F87DD5F52AF0EC5A00E5D940 /* Resources */,
			);
			buildRules = (
			);
			dependencies = (
				F87DD5F92AF0EC5A00E5D940 /* PBXTargetDependency */,
			);
			name = TaxCalculatorTests;
			productName = TaxCalculatorTests;
			productReference = F87DD5F72AF0EC5A00E5D940 /* TaxCalculatorTests.xctest */;
			productType = "com.apple.product-type.bundle.unit-test";
		};
		F87DD6002AF0EC5A00E5D940 /* TaxCalculatorUITests */ = {
			isa = PBXNativeTarget;
			buildConfigurationList = F87DD6112AF0EC5A00E5D940 /* Build configuration list for PBXNativeTarget "TaxCalculatorUITests" */;
			buildPhases = (
				F87DD5FD2AF0EC5A00E5D940 /* Sources */,
				F87DD5FE2AF0EC5A00E5D940 /* Frameworks */,
				F87DD5FF2AF0EC5A00E5D940 /* Resources */,
			);
			buildRules = (
			);
			dependencies = (
				F87DD6032AF0EC5A00E5D940 /* PBXTargetDependency */,
			);
			name = TaxCalculatorUITests;
			productName = TaxCalculatorUITests;
			productReference = F87DD6012AF0EC5A00E5D940 /* TaxCalculatorUITests.xctest */;
			productType = "com.apple.product-type.bundle.ui-testing";
		};
/* End PBXNativeTarget section */

/* Begin PBXProject section */
		F87DD5DF2AF0EC5800E5D940 /* Project object */ = {
			isa = PBXProject;
			attributes = {
				BuildIndependentTargetsInParallel = 1;
				LastSwiftUpdateCheck = 1510;
				LastUpgradeCheck = 1510;
				TargetAttributes = {
					F87DD5E62AF0EC5800E5D940 = {
						CreatedOnToolsVersion = 15.1;
					};
					F87DD5F62AF0EC5A00E5D940 = {
						CreatedOnToolsVersion = 15.1;
						TestTargetID = F87DD5E62AF0EC5800E5D940;
					};
					F87DD6002AF0EC5A00E5D940 = {
						CreatedOnToolsVersion = 15.1;
						TestTargetID = F87DD5E62AF0EC5800E5D940;
					};
				};
			};
			buildConfigurationList = F87DD5E22AF0EC5800E5D940 /* Build configuration list for PBXProject "TaxCalculator" */;
			compatibilityVersion = "Xcode 14.0";
			developmentRegion = en;
			hasScannedForEncodings = 0;
			knownRegions = (
				en,
				Base,
			);
			mainGroup = F87DD5DE2AF0EC5800E5D940;
			productRefGroup = F87DD5E82AF0EC5800E5D940 /* Products */;
			projectDirPath = "";
			projectRoot = "";
			targets = (
				F87DD5E62AF0EC5800E5D940 /* TaxCalculator */,
				F87DD5F62AF0EC5A00E5D940 /* TaxCalculatorTests */,
				F87DD6002AF0EC5A00E5D940 /* TaxCalculatorUITests */,
			);
		};
/* End PBXProject section */

/* Begin PBXResourcesBuildPhase section */
		F87DD5E52AF0EC5800E5D940 /* Resources */ = {
			isa = PBXResourcesBuildPhase;
			buildActionMask = 2147483647;
			files = (
				F87DD5F22AF0EC5A00E5D940 /* Preview Assets.xcassets in Resources */,
				F87DD5EF2AF0EC5A00E5D940 /* Assets.xcassets in Resources */,
			);
			runOnlyForDeploymentPostprocessing = 0;
		};
		F87DD5F52AF0EC5A00E5D940 /* Resources */ = {
			isa = PBXResourcesBuildPhase;
			buildActionMask = 2147483647;
			files = (
			);
			runOnlyForDeploymentPostprocessing = 0;
		};
		F87DD5FF2AF0EC5A00E5D940 /* Resources */ = {
			isa = PBXResourcesBuildPhase;
			buildActionMask = 2147483647;
			files = (
			);
			runOnlyForDeploymentPostprocessing = 0;
		};
/* End PBXResourcesBuildPhase section */

/* Begin PBXSourcesBuildPhase section */
		F87DD5E32AF0EC5800E5D940 /* Sources */ = {
			isa = PBXSourcesBuildPhase;
			buildActionMask = 2147483647;
			files = (
				F87DD5ED2AF0EC5800E5D940 /* ContentView.swift in Sources */,
				F87DD5EB2AF0EC5800E5D940 /* TaxCalculatorApp.swift in Sources */,
			);
			runOnlyForDeploymentPostprocessing = 0;
		};
		F87DD5F32AF0EC5A00E5D940 /* Sources */ = {
			isa = PBXSourcesBuildPhase;
			buildActionMask = 2147483647;
			files = (
				F87DD5FC2AF0EC5A00E5D940 /* TaxCalculatorTests.swift in Sources */,
			);
			runOnlyForDeploymentPostprocessing = 0;
		};
		F87DD5FD2AF0EC5A00E5D940 /* Sources */ = {
			isa = PBXSourcesBuildPhase;
			buildActionMask = 2147483647;
			files = (
				F87DD6082AF0EC5A00E5D940 /* TaxCalculatorUITestsLaunchTests.swift in Sources */,
				F87DD6062AF0EC5A00E5D940 /* TaxCalculatorUITests.swift in Sources */,
			);
			runOnlyForDeploymentPostprocessing = 0;
		};
/* End PBXSourcesBuildPhase section */

/* Begin PBXTargetDependency section */
		F87DD5F92AF0EC5A00E5D940 /* PBXTargetDependency */ = {
			isa = PBXTargetDependency;
			target = F87DD5E62AF0EC5800E5D940 /* TaxCalculator */;
			targetProxy = F87DD5F82AF0EC5A00E5D940 /* PBXContainerItemProxy */;
		};
		F87DD6032AF0EC5A00E5D940 /* PBXTargetDependency */ = {
			isa = PBXTargetDependency;
			target = F87DD5E62AF0EC5800E5D940 /* TaxCalculator */;
			targetProxy = F87DD6022AF0EC5A00E5D940 /* PBXContainerItemProxy */;
		};
/* End PBXTargetDependency section */

/* Begin XCBuildConfiguration section */
		F87DD6092AF0EC5A00E5D940 /* Debug */ = {
			isa = XCBuildConfiguration;
			buildSettings = {
				ALWAYS_SEARCH_USER_PATHS = NO;
				ASSETCATALOG_COMPILER_GENERATE_SWIFT_ASSET_SYMBOL_EXTENSIONS = YES;
				CLANG_ANALYZER_NONNULL = YES;
				CLANG_ANALYZER_NUMBER_OBJECT_CONVERSION = YES_AGGRESSIVE;
				CLANG_CXX_LANGUAGE_STANDARD = "gnu++20";
				CLANG_ENABLE_MODULES = YES;
				CLANG_ENABLE_OBJC_ARC = YES;
				CLANG_ENABLE_OBJC_WEAK = YES;
				CLANG_WARN_BLOCK_CAPTURE_AUTORELEASING = YES;
				CLANG_WARN_BOOL_CONVERSION = YES;
				CLANG_WARN_COMMA = YES;
				CLANG_WARN_CONSTANT_CONVERSION = YES;
				CLANG_WARN_DEPRECATED_OBJC_IMPLEMENTATIONS = YES;
				CLANG_WARN_DIRECT_OBJC_ISA_USAGE = YES_ERROR;
				CLANG_WARN_DOCUMENTATION_COMMENTS = YES;
				CLANG_WARN_EMPTY_BODY = YES;
				CLANG_WARN_ENUM_CONVERSION = YES;
				CLANG_WARN_INFINITE_RECURSION = YES;
				CLANG_WARN_INT_CONVERSION = YES;
				CLANG_WARN_NON_LITERAL_NULL_CONVERSION = YES;
				CLANG_WARN_OBJC_IMPLICIT_RETAIN_SELF = YES;
				CLANG_WARN_OBJC_LITERAL_CONVERSION = YES;
				CLANG_WARN_OBJC_ROOT_CLASS = YES_ERROR;
				CLANG_WARN_QUOTED_INCLUDE_IN_FRAMEWORK_HEADER = YES;
				CLANG_WARN_RANGE_LOOP_ANALYSIS = YES;
				CLANG_WARN_STRICT_PROTOTYPES = YES;
				CLANG_WARN_SUSPICIOUS_MOVE = YES;
				CLANG_WARN_UNGUARDED_AVAILABILITY = YES_AGGRESSIVE;
				CLANG_WARN_UNREACHABLE_CODE = YES;
				CLANG_WARN__DUPLICATE_METHOD_MATCH = YES;
				COPY_PHASE_STRIP = NO;
				DEBUG_INFORMATION_FORMAT = dwarf;
				ENABLE_STRICT_OBJC_MSGSEND = YES;
				ENABLE_TESTABILITY = YES;
				ENABLE_USER_SCRIPT_SANDBOXING = YES;
				GCC_C_LANGUAGE_STANDARD = gnu17;
				GCC_DYNAMIC_NO_PIC = NO;
				GCC_NO_COMMON_BLOCKS = YES;
				GCC_OPTIMIZATION_LEVEL = 0;
				GCC_PREPROCESSOR_DEFINITIONS = (
					"DEBUG=1",
					"$(inherited)",
				);
				GCC_WARN_64_TO_32_BIT_CONVERSION = YES;
				GCC_WARN_ABOUT_RETURN_TYPE = YES_ERROR;
				GCC_WARN_UNDECLARED_SELECTOR = YES;
				GCC_WARN_UNINITIALIZED_AUTOS = YES_AGGRESSIVE;
				GCC_WARN_UNUSED_FUNCTION = YES;
				GCC_WARN_UNUSED_VARIABLE = YES;
				IPHONEOS_DEPLOYMENT_TARGET = 17.0;
				LOCALIZATION_PREFERS_STRING_CATALOGS = YES;
				MTL_ENABLE_DEBUG_INFO = INCLUDE_SOURCE;
				MTL_FAST_MATH = YES;
				ONLY_ACTIVE_ARCH = YES;
				SDKROOT = iphoneos;
				SWIFT_ACTIVE_COMPILATION_CONDITIONS = "DEBUG $(inherited)";
				SWIFT_OPTIMIZATION_LEVEL = "-Onone";
			};
			name = Debug;
		};
		F87DD60A2AF0EC5A00E5D940 /* Release */ = {
			isa = XCBuildConfiguration;
			buildSettings = {
				ALWAYS_SEARCH_USER_PATHS = NO;
				ASSETCATALOG_COMPILER_GENERATE_SWIFT_ASSET_SYMBOL_EXTENSIONS = YES;
				CLANG_ANALYZER_NONNULL = YES;
				CLANG_ANALYZER_NUMBER_OBJECT_CONVERSION = YES_AGGRESSIVE;
				CLANG_CXX_LANGUAGE_STANDARD = "gnu++20";
				CLANG_ENABLE_MODULES = YES;
				CLANG_ENABLE_OBJC_ARC = YES;
				CLANG_ENABLE_OBJC_WEAK = YES;
				CLANG_WARN_BLOCK_CAPTURE_AUTORELEASING = YES;
				CLANG_WARN_BOOL_CONVERSION = YES;
				CLANG_WARN_COMMA = YES;
				CLANG_WARN_CONSTANT_CONVERSION = YES;
				CLANG_WARN_DEPRECATED_OBJC_IMPLEMENTATIONS = YES;
				CLANG_WARN_DIRECT_OBJC_ISA_USAGE = YES_ERROR;
				CLANG_WARN_DOCUMENTATION_COMMENTS = YES;
				CLANG_WARN_EMPTY_BODY = YES;
				CLANG_WARN_ENUM_CONVERSION = YES;
				CLANG_WARN_INFINITE_RECURSION = YES;
				CLANG_WARN_INT_CONVERSION = YES;
				CLANG_WARN_NON_LITERAL_NULL_CONVERSION = YES;
				CLANG_WARN_OBJC_IMPLICIT_RETAIN_SELF = YES;
				CLANG_WARN_OBJC_LITERAL_CONVERSION = YES;
				CLANG_WARN_OBJC_ROOT_CLASS = YES_ERROR;
				CLANG_WARN_QUOTED_INCLUDE_IN_FRAMEWORK_HEADER = YES;
				CLANG_WARN_RANGE_LOOP_ANALYSIS = YES;
				CLANG_WARN_STRICT_PROTOTYPES = YES;
				CLANG_WARN_SUSPICIOUS_MOVE = YES;
				CLANG_WARN_UNGUARDED_AVAILABILITY = YES_AGGRESSIVE;
				CLANG_WARN_UNREACHABLE_CODE = YES;
				CLANG_WARN__DUPLICATE_METHOD_MATCH = YES;
				COPY_PHASE_STRIP = NO;
				DEBUG_INFORMATION_FORMAT = "dwarf-with-dsym";
				ENABLE_NS_ASSERTIONS = NO;
				ENABLE_STRICT_OBJC_MSGSEND = YES;
				ENABLE_USER_SCRIPT_SANDBOXING = YES;
				GCC_C_LANGUAGE_STANDARD = gnu17;
				GCC_NO_COMMON_BLOCKS = YES;
				GCC_WARN_64_TO_32_BIT_CONVERSION = YES;
				GCC_WARN_ABOUT_RETURN_TYPE = YES_ERROR;
				GCC_WARN_UNDECLARED_SELECTOR = YES;
				GCC_WARN_UNINITIALIZED_AUTOS = YES_AGGRESSIVE;
				GCC_WARN_UNUSED_FUNCTION = YES;
				GCC_WARN_UNUSED_VARIABLE = YES;
				IPHONEOS_DEPLOYMENT_TARGET = 17.0;
				LOCALIZATION_PREFERS_STRING_CATALOGS = YES;
				MTL_ENABLE_DEBUG_INFO = NO;
				MTL_FAST_MATH = YES;
				SDKROOT = iphoneos;
				SWIFT_COMPILATION_MODE = wholemodule;
				VALIDATE_PRODUCT = YES;
			};
			name = Release;
		};
		F87DD60C2AF0EC5A00E5D940 /* Debug */ = {
			isa = XCBuildConfiguration;
			buildSettings = {
				ASSETCATALOG_COMPILER_APPICON_NAME = AppIcon;
				ASSETCATALOG_COMPILER_GLOBAL_ACCENT_COLOR_NAME = AccentColor;
				CODE_SIGN_STYLE = Automatic;
				CURRENT_PROJECT_VERSION = 1;
				DEVELOPMENT_ASSET_PATHS = "\"TaxCalculator/Preview Content\"";
				DEVELOPMENT_TEAM = K7LGXFV6RT;
				ENABLE_PREVIEWS = YES;
				GENERATE_INFOPLIST_FILE = YES;
				INFOPLIST_KEY_UIApplicationSceneManifest_Generation = YES;
				INFOPLIST_KEY_UIApplicationSupportsIndirectInputEvents = YES;
				INFOPLIST_KEY_UILaunchScreen_Generation = YES;
				INFOPLIST_KEY_UISupportedInterfaceOrientations_iPad = "UIInterfaceOrientationPortrait UIInterfaceOrientationPortraitUpsideDown UIInterfaceOrientationLandscapeLeft UIInterfaceOrientationLandscapeRight";
				INFOPLIST_KEY_UISupportedInterfaceOrientations_iPhone = "UIInterfaceOrientationPortrait UIInterfaceOrientationLandscapeLeft UIInterfaceOrientationLandscapeRight";
				LD_RUNPATH_SEARCH_PATHS = (
					"$(inherited)",
					"@executable_path/Frameworks",
				);
				MARKETING_VERSION = 1.0;
				PRODUCT_BUNDLE_IDENTIFIER = com.yuya.swift.TaxCalculator;
				PRODUCT_NAME = "$(TARGET_NAME)";
				SWIFT_EMIT_LOC_STRINGS = YES;
				SWIFT_VERSION = 5.0;
				TARGETED_DEVICE_FAMILY = "1,2";
			};
			name = Debug;
		};
		F87DD60D2AF0EC5A00E5D940 /* Release */ = {
			isa = XCBuildConfiguration;
			buildSettings = {
				ASSETCATALOG_COMPILER_APPICON_NAME = AppIcon;
				ASSETCATALOG_COMPILER_GLOBAL_ACCENT_COLOR_NAME = AccentColor;
				CODE_SIGN_STYLE = Automatic;
				CURRENT_PROJECT_VERSION = 1;
				DEVELOPMENT_ASSET_PATHS = "\"TaxCalculator/Preview Content\"";
				DEVELOPMENT_TEAM = K7LGXFV6RT;
				ENABLE_PREVIEWS = YES;
				GENERATE_INFOPLIST_FILE = YES;
				INFOPLIST_KEY_UIApplicationSceneManifest_Generation = YES;
				INFOPLIST_KEY_UIApplicationSupportsIndirectInputEvents = YES;
				INFOPLIST_KEY_UILaunchScreen_Generation = YES;
				INFOPLIST_KEY_UISupportedInterfaceOrientations_iPad = "UIInterfaceOrientationPortrait UIInterfaceOrientationPortraitUpsideDown UIInterfaceOrientationLandscapeLeft UIInterfaceOrientationLandscapeRight";
				INFOPLIST_KEY_UISupportedInterfaceOrientations_iPhone = "UIInterfaceOrientationPortrait UIInterfaceOrientationLandscapeLeft UIInterfaceOrientationLandscapeRight";
				LD_RUNPATH_SEARCH_PATHS = (
					"$(inherited)",
					"@executable_path/Frameworks",
				);
				MARKETING_VERSION = 1.0;
				PRODUCT_BUNDLE_IDENTIFIER = com.yuya.swift.TaxCalculator;
				PRODUCT_NAME = "$(TARGET_NAME)";
				SWIFT_EMIT_LOC_STRINGS = YES;
				SWIFT_VERSION = 5.0;
				TARGETED_DEVICE_FAMILY = "1,2";
			};
			name = Release;
		};
		F87DD60F2AF0EC5A00E5D940 /* Debug */ = {
			isa = XCBuildConfiguration;
			buildSettings = {
				ALWAYS_EMBED_SWIFT_STANDARD_LIBRARIES = YES;
				BUNDLE_LOADER = "$(TEST_HOST)";
				CODE_SIGN_STYLE = Automatic;
				CURRENT_PROJECT_VERSION = 1;
				DEVELOPMENT_TEAM = K7LGXFV6RT;
				GENERATE_INFOPLIST_FILE = YES;
				IPHONEOS_DEPLOYMENT_TARGET = 17.0;
				MARKETING_VERSION = 1.0;
				PRODUCT_BUNDLE_IDENTIFIER = com.yuya.swift.TaxCalculatorTests;
				PRODUCT_NAME = "$(TARGET_NAME)";
				SWIFT_EMIT_LOC_STRINGS = NO;
				SWIFT_VERSION = 5.0;
				TARGETED_DEVICE_FAMILY = "1,2";
				TEST_HOST = "$(BUILT_PRODUCTS_DIR)/TaxCalculator.app/$(BUNDLE_EXECUTABLE_FOLDER_PATH)/TaxCalculator";
			};
			name = Debug;
		};
		F87DD6102AF0EC5A00E5D940 /* Release */ = {
			isa = XCBuildConfiguration;
			buildSettings = {
				ALWAYS_EMBED_SWIFT_STANDARD_LIBRARIES = YES;
				BUNDLE_LOADER = "$(TEST_HOST)";
				CODE_SIGN_STYLE = Automatic;
				CURRENT_PROJECT_VERSION = 1;
				DEVELOPMENT_TEAM = K7LGXFV6RT;
				GENERATE_INFOPLIST_FILE = YES;
				IPHONEOS_DEPLOYMENT_TARGET = 17.0;
				MARKETING_VERSION = 1.0;
				PRODUCT_BUNDLE_IDENTIFIER = com.yuya.swift.TaxCalculatorTests;
				PRODUCT_NAME = "$(TARGET_NAME)";
				SWIFT_EMIT_LOC_STRINGS = NO;
				SWIFT_VERSION = 5.0;
				TARGETED_DEVICE_FAMILY = "1,2";
				TEST_HOST = "$(BUILT_PRODUCTS_DIR)/TaxCalculator.app/$(BUNDLE_EXECUTABLE_FOLDER_PATH)/TaxCalculator";
			};
			name = Release;
		};
		F87DD6122AF0EC5A00E5D940 /* Debug */ = {
			isa = XCBuildConfiguration;
			buildSettings = {
				ALWAYS_EMBED_SWIFT_STANDARD_LIBRARIES = YES;
				CODE_SIGN_STYLE = Automatic;
				CURRENT_PROJECT_VERSION = 1;
				DEVELOPMENT_TEAM = K7LGXFV6RT;
				GENERATE_INFOPLIST_FILE = YES;
				MARKETING_VERSION = 1.0;
				PRODUCT_BUNDLE_IDENTIFIER = com.yuya.swift.TaxCalculatorUITests;
				PRODUCT_NAME = "$(TARGET_NAME)";
				SWIFT_EMIT_LOC_STRINGS = NO;
				SWIFT_VERSION = 5.0;
				TARGETED_DEVICE_FAMILY = "1,2";
				TEST_TARGET_NAME = TaxCalculator;
			};
			name = Debug;
		};
		F87DD6132AF0EC5A00E5D940 /* Release */ = {
			isa = XCBuildConfiguration;
			buildSettings = {
				ALWAYS_EMBED_SWIFT_STANDARD_LIBRARIES = YES;
				CODE_SIGN_STYLE = Automatic;
				CURRENT_PROJECT_VERSION = 1;
				DEVELOPMENT_TEAM = K7LGXFV6RT;
				GENERATE_INFOPLIST_FILE = YES;
				MARKETING_VERSION = 1.0;
				PRODUCT_BUNDLE_IDENTIFIER = com.yuya.swift.TaxCalculatorUITests;
				PRODUCT_NAME = "$(TARGET_NAME)";
				SWIFT_EMIT_LOC_STRINGS = NO;
				SWIFT_VERSION = 5.0;
				TARGETED_DEVICE_FAMILY = "1,2";
				TEST_TARGET_NAME = TaxCalculator;
			};
			name = Release;
		};
/* End XCBuildConfiguration section */

/* Begin XCConfigurationList section */
		F87DD5E22AF0EC5800E5D940 /* Build configuration list for PBXProject "TaxCalculator" */ = {
			isa = XCConfigurationList;
			buildConfigurations = (
				F87DD6092AF0EC5A00E5D940 /* Debug */,
				F87DD60A2AF0EC5A00E5D940 /* Release */,
			);
			defaultConfigurationIsVisible = 0;
			defaultConfigurationName = Release;
		};
		F87DD60B2AF0EC5A00E5D940 /* Build configuration list for PBXNativeTarget "TaxCalculator" */ = {
			isa = XCConfigurationList;
			buildConfigurations = (
				F87DD60C2AF0EC5A00E5D940 /* Debug */,
				F87DD60D2AF0EC5A00E5D940 /* Release */,
			);
			defaultConfigurationIsVisible = 0;
			defaultConfigurationName = Release;
		};
		F87DD60E2AF0EC5A00E5D940 /* Build configuration list for PBXNativeTarget "TaxCalculatorTests" */ = {
			isa = XCConfigurationList;
			buildConfigurations = (
				F87DD60F2AF0EC5A00E5D940 /* Debug */,
				F87DD6102AF0EC5A00E5D940 /* Release */,
			);
			defaultConfigurationIsVisible = 0;
			defaultConfigurationName = Release;
		};
		F87DD6112AF0EC5A00E5D940 /* Build configuration list for PBXNativeTarget "TaxCalculatorUITests" */ = {
			isa = XCConfigurationList;
			buildConfigurations = (
				F87DD6122AF0EC5A00E5D940 /* Debug */,
				F87DD6132AF0EC5A00E5D940 /* Release */,
			);
			defaultConfigurationIsVisible = 0;
			defaultConfigurationName = Release;
		};
/* End XCConfigurationList section */
	};
	rootObject = F87DD5DF2AF0EC5800E5D940 /* Project object */;
}
