// !$*UTF8*$!
{
	archiveVersion = 1;
	classes = {
	};
	objectVersion = 56;
	objects = {

/* Begin PBXBuildFile section */
		F8CF5FD82AF0AB0100D80012 /* practiceApp.swift in Sources */ = {isa = PBXBuildFile; fileRef = F8CF5FD72AF0AB0100D80012 /* practiceApp.swift */; };
		F8CF5FDA2AF0AB0100D80012 /* ContentView.swift in Sources */ = {isa = PBXBuildFile; fileRef = F8CF5FD92AF0AB0100D80012 /* ContentView.swift */; };
		F8CF5FDC2AF0AB0200D80012 /* Assets.xcassets in Resources */ = {isa = PBXBuildFile; fileRef = F8CF5FDB2AF0AB0200D80012 /* Assets.xcassets */; };
		F8CF5FDF2AF0AB0200D80012 /* Preview Assets.xcassets in Resources */ = {isa = PBXBuildFile; fileRef = F8CF5FDE2AF0AB0200D80012 /* Preview Assets.xcassets */; };
		F8CF5FE92AF0AB0200D80012 /* practiceTests.swift in Sources */ = {isa = PBXBuildFile; fileRef = F8CF5FE82AF0AB0200D80012 /* practiceTests.swift */; };
		F8CF5FF32AF0AB0200D80012 /* practiceUITests.swift in Sources */ = {isa = PBXBuildFile; fileRef = F8CF5FF22AF0AB0200D80012 /* practiceUITests.swift */; };
		F8CF5FF52AF0AB0200D80012 /* practiceUITestsLaunchTests.swift in Sources */ = {isa = PBXBuildFile; fileRef = F8CF5FF42AF0AB0200D80012 /* practiceUITestsLaunchTests.swift */; };
/* End PBXBuildFile section */

/* Begin PBXContainerItemProxy section */
		F8CF5FE52AF0AB0200D80012 /* PBXContainerItemProxy */ = {
			isa = PBXContainerItemProxy;
			containerPortal = F8CF5FCC2AF0AB0100D80012 /* Project object */;
			proxyType = 1;
			remoteGlobalIDString = F8CF5FD32AF0AB0100D80012;
			remoteInfo = practice;
		};
		F8CF5FEF2AF0AB0200D80012 /* PBXContainerItemProxy */ = {
			isa = PBXContainerItemProxy;
			containerPortal = F8CF5FCC2AF0AB0100D80012 /* Project object */;
			proxyType = 1;
			remoteGlobalIDString = F8CF5FD32AF0AB0100D80012;
			remoteInfo = practice;
		};
/* End PBXContainerItemProxy section */

/* Begin PBXFileReference section */
		F8CF5FD42AF0AB0100D80012 /* practice.app */ = {isa = PBXFileReference; explicitFileType = wrapper.application; includeInIndex = 0; path = practice.app; sourceTree = BUILT_PRODUCTS_DIR; };
		F8CF5FD72AF0AB0100D80012 /* practiceApp.swift */ = {isa = PBXFileReference; lastKnownFileType = sourcecode.swift; path = practiceApp.swift; sourceTree = "<group>"; };
		F8CF5FD92AF0AB0100D80012 /* ContentView.swift */ = {isa = PBXFileReference; lastKnownFileType = sourcecode.swift; path = ContentView.swift; sourceTree = "<group>"; };
		F8CF5FDB2AF0AB0200D80012 /* Assets.xcassets */ = {isa = PBXFileReference; lastKnownFileType = folder.assetcatalog; path = Assets.xcassets; sourceTree = "<group>"; };
		F8CF5FDE2AF0AB0200D80012 /* Preview Assets.xcassets */ = {isa = PBXFileReference; lastKnownFileType = folder.assetcatalog; path = "Preview Assets.xcassets"; sourceTree = "<group>"; };
		F8CF5FE42AF0AB0200D80012 /* practiceTests.xctest */ = {isa = PBXFileReference; explicitFileType = wrapper.cfbundle; includeInIndex = 0; path = practiceTests.xctest; sourceTree = BUILT_PRODUCTS_DIR; };
		F8CF5FE82AF0AB0200D80012 /* practiceTests.swift */ = {isa = PBXFileReference; lastKnownFileType = sourcecode.swift; path = practiceTests.swift; sourceTree = "<group>"; };
		F8CF5FEE2AF0AB0200D80012 /* practiceUITests.xctest */ = {isa = PBXFileReference; explicitFileType = wrapper.cfbundle; includeInIndex = 0; path = practiceUITests.xctest; sourceTree = BUILT_PRODUCTS_DIR; };
		F8CF5FF22AF0AB0200D80012 /* practiceUITests.swift */ = {isa = PBXFileReference; lastKnownFileType = sourcecode.swift; path = practiceUITests.swift; sourceTree = "<group>"; };
		F8CF5FF42AF0AB0200D80012 /* practiceUITestsLaunchTests.swift */ = {isa = PBXFileReference; lastKnownFileType = sourcecode.swift; path = practiceUITestsLaunchTests.swift; sourceTree = "<group>"; };
/* End PBXFileReference section */

/* Begin PBXFrameworksBuildPhase section */
		F8CF5FD12AF0AB0100D80012 /* Frameworks */ = {
			isa = PBXFrameworksBuildPhase;
			buildActionMask = 2147483647;
			files = (
			);
			runOnlyForDeploymentPostprocessing = 0;
		};
		F8CF5FE12AF0AB0200D80012 /* Frameworks */ = {
			isa = PBXFrameworksBuildPhase;
			buildActionMask = 2147483647;
			files = (
			);
			runOnlyForDeploymentPostprocessing = 0;
		};
		F8CF5FEB2AF0AB0200D80012 /* Frameworks */ = {
			isa = PBXFrameworksBuildPhase;
			buildActionMask = 2147483647;
			files = (
			);
			runOnlyForDeploymentPostprocessing = 0;
		};
/* End PBXFrameworksBuildPhase section */

/* Begin PBXGroup section */
		F8CF5FCB2AF0AB0100D80012 = {
			isa = PBXGroup;
			children = (
				F8CF60012AF0C20900D80012 /* New Group */,
				F8CF5FD52AF0AB0100D80012 /* Products */,
			);
			sourceTree = "<group>";
		};
		F8CF5FD52AF0AB0100D80012 /* Products */ = {
			isa = PBXGroup;
			children = (
				F8CF5FD42AF0AB0100D80012 /* practice.app */,
				F8CF5FE42AF0AB0200D80012 /* practiceTests.xctest */,
				F8CF5FEE2AF0AB0200D80012 /* practiceUITests.xctest */,
			);
			name = Products;
			sourceTree = "<group>";
		};
		F8CF5FD62AF0AB0100D80012 /* practice */ = {
			isa = PBXGroup;
			children = (
				F8CF5FD72AF0AB0100D80012 /* practiceApp.swift */,
				F8CF5FD92AF0AB0100D80012 /* ContentView.swift */,
				F8CF5FDB2AF0AB0200D80012 /* Assets.xcassets */,
				F8CF5FDD2AF0AB0200D80012 /* Preview Content */,
			);
			name = practice;
			path = ../practice;
			sourceTree = "<group>";
		};
		F8CF5FDD2AF0AB0200D80012 /* Preview Content */ = {
			isa = PBXGroup;
			children = (
				F8CF5FDE2AF0AB0200D80012 /* Preview Assets.xcassets */,
			);
			path = "Preview Content";
			sourceTree = "<group>";
		};
		F8CF5FE72AF0AB0200D80012 /* practiceTests */ = {
			isa = PBXGroup;
			children = (
				F8CF5FE82AF0AB0200D80012 /* practiceTests.swift */,
			);
			name = practiceTests;
			path = ../practiceTests;
			sourceTree = "<group>";
		};
		F8CF5FF12AF0AB0200D80012 /* practiceUITests */ = {
			isa = PBXGroup;
			children = (
				F8CF5FF22AF0AB0200D80012 /* practiceUITests.swift */,
				F8CF5FF42AF0AB0200D80012 /* practiceUITestsLaunchTests.swift */,
			);
			name = practiceUITests;
			path = ../practiceUITests;
			sourceTree = "<group>";
		};
		F8CF60012AF0C20900D80012 /* New Group */ = {
			isa = PBXGroup;
			children = (
				F8CF5FD62AF0AB0100D80012 /* practice */,
				F8CF5FE72AF0AB0200D80012 /* practiceTests */,
				F8CF5FF12AF0AB0200D80012 /* practiceUITests */,
			);
			path = "New Group";
			sourceTree = "<group>";
		};
/* End PBXGroup section */

/* Begin PBXNativeTarget section */
		F8CF5FD32AF0AB0100D80012 /* practice */ = {
			isa = PBXNativeTarget;
			buildConfigurationList = F8CF5FF82AF0AB0200D80012 /* Build configuration list for PBXNativeTarget "practice" */;
			buildPhases = (
				F8CF5FD02AF0AB0100D80012 /* Sources */,
				F8CF5FD12AF0AB0100D80012 /* Frameworks */,
				F8CF5FD22AF0AB0100D80012 /* Resources */,
			);
			buildRules = (
			);
			dependencies = (
			);
			name = practice;
			productName = practice;
			productReference = F8CF5FD42AF0AB0100D80012 /* practice.app */;
			productType = "com.apple.product-type.application";
		};
		F8CF5FE32AF0AB0200D80012 /* practiceTests */ = {
			isa = PBXNativeTarget;
			buildConfigurationList = F8CF5FFB2AF0AB0200D80012 /* Build configuration list for PBXNativeTarget "practiceTests" */;
			buildPhases = (
				F8CF5FE02AF0AB0200D80012 /* Sources */,
				F8CF5FE12AF0AB0200D80012 /* Frameworks */,
				F8CF5FE22AF0AB0200D80012 /* Resources */,
			);
			buildRules = (
			);
			dependencies = (
				F8CF5FE62AF0AB0200D80012 /* PBXTargetDependency */,
			);
			name = practiceTests;
			productName = practiceTests;
			productReference = F8CF5FE42AF0AB0200D80012 /* practiceTests.xctest */;
			productType = "com.apple.product-type.bundle.unit-test";
		};
		F8CF5FED2AF0AB0200D80012 /* practiceUITests */ = {
			isa = PBXNativeTarget;
			buildConfigurationList = F8CF5FFE2AF0AB0200D80012 /* Build configuration list for PBXNativeTarget "practiceUITests" */;
			buildPhases = (
				F8CF5FEA2AF0AB0200D80012 /* Sources */,
				F8CF5FEB2AF0AB0200D80012 /* Frameworks */,
				F8CF5FEC2AF0AB0200D80012 /* Resources */,
			);
			buildRules = (
			);
			dependencies = (
				F8CF5FF02AF0AB0200D80012 /* PBXTargetDependency */,
			);
			name = practiceUITests;
			productName = practiceUITests;
			productReference = F8CF5FEE2AF0AB0200D80012 /* practiceUITests.xctest */;
			productType = "com.apple.product-type.bundle.ui-testing";
		};
/* End PBXNativeTarget section */

/* Begin PBXProject section */
		F8CF5FCC2AF0AB0100D80012 /* Project object */ = {
			isa = PBXProject;
			attributes = {
				BuildIndependentTargetsInParallel = 1;
				LastSwiftUpdateCheck = 1510;
				LastUpgradeCheck = 1510;
				TargetAttributes = {
					F8CF5FD32AF0AB0100D80012 = {
						CreatedOnToolsVersion = 15.1;
					};
					F8CF5FE32AF0AB0200D80012 = {
						CreatedOnToolsVersion = 15.1;
						TestTargetID = F8CF5FD32AF0AB0100D80012;
					};
					F8CF5FED2AF0AB0200D80012 = {
						CreatedOnToolsVersion = 15.1;
						TestTargetID = F8CF5FD32AF0AB0100D80012;
					};
				};
			};
			buildConfigurationList = F8CF5FCF2AF0AB0100D80012 /* Build configuration list for PBXProject "practice" */;
			compatibilityVersion = "Xcode 14.0";
			developmentRegion = en;
			hasScannedForEncodings = 0;
			knownRegions = (
				en,
				Base,
			);
			mainGroup = F8CF5FCB2AF0AB0100D80012;
			productRefGroup = F8CF5FD52AF0AB0100D80012 /* Products */;
			projectDirPath = "";
			projectRoot = "";
			targets = (
				F8CF5FD32AF0AB0100D80012 /* practice */,
				F8CF5FE32AF0AB0200D80012 /* practiceTests */,
				F8CF5FED2AF0AB0200D80012 /* practiceUITests */,
			);
		};
/* End PBXProject section */

/* Begin PBXResourcesBuildPhase section */
		F8CF5FD22AF0AB0100D80012 /* Resources */ = {
			isa = PBXResourcesBuildPhase;
			buildActionMask = 2147483647;
			files = (
				F8CF5FDF2AF0AB0200D80012 /* Preview Assets.xcassets in Resources */,
				F8CF5FDC2AF0AB0200D80012 /* Assets.xcassets in Resources */,
			);
			runOnlyForDeploymentPostprocessing = 0;
		};
		F8CF5FE22AF0AB0200D80012 /* Resources */ = {
			isa = PBXResourcesBuildPhase;
			buildActionMask = 2147483647;
			files = (
			);
			runOnlyForDeploymentPostprocessing = 0;
		};
		F8CF5FEC2AF0AB0200D80012 /* Resources */ = {
			isa = PBXResourcesBuildPhase;
			buildActionMask = 2147483647;
			files = (
			);
			runOnlyForDeploymentPostprocessing = 0;
		};
/* End PBXResourcesBuildPhase section */

/* Begin PBXSourcesBuildPhase section */
		F8CF5FD02AF0AB0100D80012 /* Sources */ = {
			isa = PBXSourcesBuildPhase;
			buildActionMask = 2147483647;
			files = (
				F8CF5FDA2AF0AB0100D80012 /* ContentView.swift in Sources */,
				F8CF5FD82AF0AB0100D80012 /* practiceApp.swift in Sources */,
			);
			runOnlyForDeploymentPostprocessing = 0;
		};
		F8CF5FE02AF0AB0200D80012 /* Sources */ = {
			isa = PBXSourcesBuildPhase;
			buildActionMask = 2147483647;
			files = (
				F8CF5FE92AF0AB0200D80012 /* practiceTests.swift in Sources */,
			);
			runOnlyForDeploymentPostprocessing = 0;
		};
		F8CF5FEA2AF0AB0200D80012 /* Sources */ = {
			isa = PBXSourcesBuildPhase;
			buildActionMask = 2147483647;
			files = (
				F8CF5FF52AF0AB0200D80012 /* practiceUITestsLaunchTests.swift in Sources */,
				F8CF5FF32AF0AB0200D80012 /* practiceUITests.swift in Sources */,
			);
			runOnlyForDeploymentPostprocessing = 0;
		};
/* End PBXSourcesBuildPhase section */

/* Begin PBXTargetDependency section */
		F8CF5FE62AF0AB0200D80012 /* PBXTargetDependency */ = {
			isa = PBXTargetDependency;
			target = F8CF5FD32AF0AB0100D80012 /* practice */;
			targetProxy = F8CF5FE52AF0AB0200D80012 /* PBXContainerItemProxy */;
		};
		F8CF5FF02AF0AB0200D80012 /* PBXTargetDependency */ = {
			isa = PBXTargetDependency;
			target = F8CF5FD32AF0AB0100D80012 /* practice */;
			targetProxy = F8CF5FEF2AF0AB0200D80012 /* PBXContainerItemProxy */;
		};
/* End PBXTargetDependency section */

/* Begin XCBuildConfiguration section */
		F8CF5FF62AF0AB0200D80012 /* Debug */ = {
			isa = XCBuildConfiguration;
			buildSettings = {
				ALWAYS_SEARCH_USER_PATHS = NO;
				ASSETCATALOG_COMPILER_GENERATE_SWIFT_ASSET_SYMBOL_EXTENSIONS = YES;
				CLANG_ANALYZER_NONNULL = YES;
				CLANG_ANALYZER_NUMBER_OBJECT_CONVERSION = YES_AGGRESSIVE;
				CLANG_CXX_LANGUAGE_STANDARD = "gnu++20";
				CLANG_ENABLE_MODULES = YES;
				CLANG_ENABLE_OBJC_ARC = YES;
				CLANG_ENABLE_OBJC_WEAK = YES;
				CLANG_WARN_BLOCK_CAPTURE_AUTORELEASING = YES;
				CLANG_WARN_BOOL_CONVERSION = YES;
				CLANG_WARN_COMMA = YES;
				CLANG_WARN_CONSTANT_CONVERSION = YES;
				CLANG_WARN_DEPRECATED_OBJC_IMPLEMENTATIONS = YES;
				CLANG_WARN_DIRECT_OBJC_ISA_USAGE = YES_ERROR;
				CLANG_WARN_DOCUMENTATION_COMMENTS = YES;
				CLANG_WARN_EMPTY_BODY = YES;
				CLANG_WARN_ENUM_CONVERSION = YES;
				CLANG_WARN_INFINITE_RECURSION = YES;
				CLANG_WARN_INT_CONVERSION = YES;
				CLANG_WARN_NON_LITERAL_NULL_CONVERSION = YES;
				CLANG_WARN_OBJC_IMPLICIT_RETAIN_SELF = YES;
				CLANG_WARN_OBJC_LITERAL_CONVERSION = YES;
				CLANG_WARN_OBJC_ROOT_CLASS = YES_ERROR;
				CLANG_WARN_QUOTED_INCLUDE_IN_FRAMEWORK_HEADER = YES;
				CLANG_WARN_RANGE_LOOP_ANALYSIS = YES;
				CLANG_WARN_STRICT_PROTOTYPES = YES;
				CLANG_WARN_SUSPICIOUS_MOVE = YES;
				CLANG_WARN_UNGUARDED_AVAILABILITY = YES_AGGRESSIVE;
				CLANG_WARN_UNREACHABLE_CODE = YES;
				CLANG_WARN__DUPLICATE_METHOD_MATCH = YES;
				COPY_PHASE_STRIP = NO;
				DEBUG_INFORMATION_FORMAT = dwarf;
				ENABLE_STRICT_OBJC_MSGSEND = YES;
				ENABLE_TESTABILITY = YES;
				ENABLE_USER_SCRIPT_SANDBOXING = YES;
				GCC_C_LANGUAGE_STANDARD = gnu17;
				GCC_DYNAMIC_NO_PIC = NO;
				GCC_NO_COMMON_BLOCKS = YES;
				GCC_OPTIMIZATION_LEVEL = 0;
				GCC_PREPROCESSOR_DEFINITIONS = (
					"DEBUG=1",
					"$(inherited)",
				);
				GCC_WARN_64_TO_32_BIT_CONVERSION = YES;
				GCC_WARN_ABOUT_RETURN_TYPE = YES_ERROR;
				GCC_WARN_UNDECLARED_SELECTOR = YES;
				GCC_WARN_UNINITIALIZED_AUTOS = YES_AGGRESSIVE;
				GCC_WARN_UNUSED_FUNCTION = YES;
				GCC_WARN_UNUSED_VARIABLE = YES;
				IPHONEOS_DEPLOYMENT_TARGET = 17.0;
				LOCALIZATION_PREFERS_STRING_CATALOGS = YES;
				MTL_ENABLE_DEBUG_INFO = INCLUDE_SOURCE;
				MTL_FAST_MATH = YES;
				ONLY_ACTIVE_ARCH = YES;
				SDKROOT = iphoneos;
				SWIFT_ACTIVE_COMPILATION_CONDITIONS = "DEBUG $(inherited)";
				SWIFT_OPTIMIZATION_LEVEL = "-Onone";
			};
			name = Debug;
		};
		F8CF5FF72AF0AB0200D80012 /* Release */ = {
			isa = XCBuildConfiguration;
			buildSettings = {
				ALWAYS_SEARCH_USER_PATHS = NO;
				ASSETCATALOG_COMPILER_GENERATE_SWIFT_ASSET_SYMBOL_EXTENSIONS = YES;
				CLANG_ANALYZER_NONNULL = YES;
				CLANG_ANALYZER_NUMBER_OBJECT_CONVERSION = YES_AGGRESSIVE;
				CLANG_CXX_LANGUAGE_STANDARD = "gnu++20";
				CLANG_ENABLE_MODULES = YES;
				CLANG_ENABLE_OBJC_ARC = YES;
				CLANG_ENABLE_OBJC_WEAK = YES;
				CLANG_WARN_BLOCK_CAPTURE_AUTORELEASING = YES;
				CLANG_WARN_BOOL_CONVERSION = YES;
				CLANG_WARN_COMMA = YES;
				CLANG_WARN_CONSTANT_CONVERSION = YES;
				CLANG_WARN_DEPRECATED_OBJC_IMPLEMENTATIONS = YES;
				CLANG_WARN_DIRECT_OBJC_ISA_USAGE = YES_ERROR;
				CLANG_WARN_DOCUMENTATION_COMMENTS = YES;
				CLANG_WARN_EMPTY_BODY = YES;
				CLANG_WARN_ENUM_CONVERSION = YES;
				CLANG_WARN_INFINITE_RECURSION = YES;
				CLANG_WARN_INT_CONVERSION = YES;
				CLANG_WARN_NON_LITERAL_NULL_CONVERSION = YES;
				CLANG_WARN_OBJC_IMPLICIT_RETAIN_SELF = YES;
				CLANG_WARN_OBJC_LITERAL_CONVERSION = YES;
				CLANG_WARN_OBJC_ROOT_CLASS = YES_ERROR;
				CLANG_WARN_QUOTED_INCLUDE_IN_FRAMEWORK_HEADER = YES;
				CLANG_WARN_RANGE_LOOP_ANALYSIS = YES;
				CLANG_WARN_STRICT_PROTOTYPES = YES;
				CLANG_WARN_SUSPICIOUS_MOVE = YES;
				CLANG_WARN_UNGUARDED_AVAILABILITY = YES_AGGRESSIVE;
				CLANG_WARN_UNREACHABLE_CODE = YES;
				CLANG_WARN__DUPLICATE_METHOD_MATCH = YES;
				COPY_PHASE_STRIP = NO;
				DEBUG_INFORMATION_FORMAT = "dwarf-with-dsym";
				ENABLE_NS_ASSERTIONS = NO;
				ENABLE_STRICT_OBJC_MSGSEND = YES;
				ENABLE_USER_SCRIPT_SANDBOXING = YES;
				GCC_C_LANGUAGE_STANDARD = gnu17;
				GCC_NO_COMMON_BLOCKS = YES;
				GCC_WARN_64_TO_32_BIT_CONVERSION = YES;
				GCC_WARN_ABOUT_RETURN_TYPE = YES_ERROR;
				GCC_WARN_UNDECLARED_SELECTOR = YES;
				GCC_WARN_UNINITIALIZED_AUTOS = YES_AGGRESSIVE;
				GCC_WARN_UNUSED_FUNCTION = YES;
				GCC_WARN_UNUSED_VARIABLE = YES;
				IPHONEOS_DEPLOYMENT_TARGET = 17.0;
				LOCALIZATION_PREFERS_STRING_CATALOGS = YES;
				MTL_ENABLE_DEBUG_INFO = NO;
				MTL_FAST_MATH = YES;
				SDKROOT = iphoneos;
				SWIFT_COMPILATION_MODE = wholemodule;
				VALIDATE_PRODUCT = YES;
			};
			name = Release;
		};
		F8CF5FF92AF0AB0200D80012 /* Debug */ = {
			isa = XCBuildConfiguration;
			buildSettings = {
				ASSETCATALOG_COMPILER_APPICON_NAME = AppIcon;
				ASSETCATALOG_COMPILER_GLOBAL_ACCENT_COLOR_NAME = AccentColor;
				CODE_SIGN_STYLE = Automatic;
				CURRENT_PROJECT_VERSION = 1;
				DEVELOPMENT_ASSET_PATHS = "\"practice/Preview Content\"";
				DEVELOPMENT_TEAM = K7LGXFV6RT;
				ENABLE_PREVIEWS = YES;
				GENERATE_INFOPLIST_FILE = YES;
				INFOPLIST_KEY_UIApplicationSceneManifest_Generation = YES;
				INFOPLIST_KEY_UIApplicationSupportsIndirectInputEvents = YES;
				INFOPLIST_KEY_UILaunchScreen_Generation = YES;
				INFOPLIST_KEY_UISupportedInterfaceOrientations_iPad = "UIInterfaceOrientationPortrait UIInterfaceOrientationPortraitUpsideDown UIInterfaceOrientationLandscapeLeft UIInterfaceOrientationLandscapeRight";
				INFOPLIST_KEY_UISupportedInterfaceOrientations_iPhone = "UIInterfaceOrientationPortrait UIInterfaceOrientationLandscapeLeft UIInterfaceOrientationLandscapeRight";
				LD_RUNPATH_SEARCH_PATHS = (
					"$(inherited)",
					"@executable_path/Frameworks",
				);
				MARKETING_VERSION = 1.0;
				PRODUCT_BUNDLE_IDENTIFIER = com.yuya.swift.practice;
				PRODUCT_NAME = "$(TARGET_NAME)";
				SWIFT_EMIT_LOC_STRINGS = YES;
				SWIFT_VERSION = 5.0;
				TARGETED_DEVICE_FAMILY = "1,2";
			};
			name = Debug;
		};
		F8CF5FFA2AF0AB0200D80012 /* Release */ = {
			isa = XCBuildConfiguration;
			buildSettings = {
				ASSETCATALOG_COMPILER_APPICON_NAME = AppIcon;
				ASSETCATALOG_COMPILER_GLOBAL_ACCENT_COLOR_NAME = AccentColor;
				CODE_SIGN_STYLE = Automatic;
				CURRENT_PROJECT_VERSION = 1;
				DEVELOPMENT_ASSET_PATHS = "\"practice/Preview Content\"";
				DEVELOPMENT_TEAM = K7LGXFV6RT;
				ENABLE_PREVIEWS = YES;
				GENERATE_INFOPLIST_FILE = YES;
				INFOPLIST_KEY_UIApplicationSceneManifest_Generation = YES;
				INFOPLIST_KEY_UIApplicationSupportsIndirectInputEvents = YES;
				INFOPLIST_KEY_UILaunchScreen_Generation = YES;
				INFOPLIST_KEY_UISupportedInterfaceOrientations_iPad = "UIInterfaceOrientationPortrait UIInterfaceOrientationPortraitUpsideDown UIInterfaceOrientationLandscapeLeft UIInterfaceOrientationLandscapeRight";
				INFOPLIST_KEY_UISupportedInterfaceOrientations_iPhone = "UIInterfaceOrientationPortrait UIInterfaceOrientationLandscapeLeft UIInterfaceOrientationLandscapeRight";
				LD_RUNPATH_SEARCH_PATHS = (
					"$(inherited)",
					"@executable_path/Frameworks",
				);
				MARKETING_VERSION = 1.0;
				PRODUCT_BUNDLE_IDENTIFIER = com.yuya.swift.practice;
				PRODUCT_NAME = "$(TARGET_NAME)";
				SWIFT_EMIT_LOC_STRINGS = YES;
				SWIFT_VERSION = 5.0;
				TARGETED_DEVICE_FAMILY = "1,2";
			};
			name = Release;
		};
		F8CF5FFC2AF0AB0200D80012 /* Debug */ = {
			isa = XCBuildConfiguration;
			buildSettings = {
				ALWAYS_EMBED_SWIFT_STANDARD_LIBRARIES = YES;
				BUNDLE_LOADER = "$(TEST_HOST)";
				CODE_SIGN_STYLE = Automatic;
				CURRENT_PROJECT_VERSION = 1;
				DEVELOPMENT_TEAM = K7LGXFV6RT;
				GENERATE_INFOPLIST_FILE = YES;
				IPHONEOS_DEPLOYMENT_TARGET = 17.0;
				MARKETING_VERSION = 1.0;
				PRODUCT_BUNDLE_IDENTIFIER = com.yuya.swift.practiceTests;
				PRODUCT_NAME = "$(TARGET_NAME)";
				SWIFT_EMIT_LOC_STRINGS = NO;
				SWIFT_VERSION = 5.0;
				TARGETED_DEVICE_FAMILY = "1,2";
				TEST_HOST = "$(BUILT_PRODUCTS_DIR)/practice.app/$(BUNDLE_EXECUTABLE_FOLDER_PATH)/practice";
			};
			name = Debug;
		};
		F8CF5FFD2AF0AB0200D80012 /* Release */ = {
			isa = XCBuildConfiguration;
			buildSettings = {
				ALWAYS_EMBED_SWIFT_STANDARD_LIBRARIES = YES;
				BUNDLE_LOADER = "$(TEST_HOST)";
				CODE_SIGN_STYLE = Automatic;
				CURRENT_PROJECT_VERSION = 1;
				DEVELOPMENT_TEAM = K7LGXFV6RT;
				GENERATE_INFOPLIST_FILE = YES;
				IPHONEOS_DEPLOYMENT_TARGET = 17.0;
				MARKETING_VERSION = 1.0;
				PRODUCT_BUNDLE_IDENTIFIER = com.yuya.swift.practiceTests;
				PRODUCT_NAME = "$(TARGET_NAME)";
				SWIFT_EMIT_LOC_STRINGS = NO;
				SWIFT_VERSION = 5.0;
				TARGETED_DEVICE_FAMILY = "1,2";
				TEST_HOST = "$(BUILT_PRODUCTS_DIR)/practice.app/$(BUNDLE_EXECUTABLE_FOLDER_PATH)/practice";
			};
			name = Release;
		};
		F8CF5FFF2AF0AB0200D80012 /* Debug */ = {
			isa = XCBuildConfiguration;
			buildSettings = {
				ALWAYS_EMBED_SWIFT_STANDARD_LIBRARIES = YES;
				CODE_SIGN_STYLE = Automatic;
				CURRENT_PROJECT_VERSION = 1;
				DEVELOPMENT_TEAM = K7LGXFV6RT;
				GENERATE_INFOPLIST_FILE = YES;
				MARKETING_VERSION = 1.0;
				PRODUCT_BUNDLE_IDENTIFIER = com.yuya.swift.practiceUITests;
				PRODUCT_NAME = "$(TARGET_NAME)";
				SWIFT_EMIT_LOC_STRINGS = NO;
				SWIFT_VERSION = 5.0;
				TARGETED_DEVICE_FAMILY = "1,2";
				TEST_TARGET_NAME = practice;
			};
			name = Debug;
		};
		F8CF60002AF0AB0200D80012 /* Release */ = {
			isa = XCBuildConfiguration;
			buildSettings = {
				ALWAYS_EMBED_SWIFT_STANDARD_LIBRARIES = YES;
				CODE_SIGN_STYLE = Automatic;
				CURRENT_PROJECT_VERSION = 1;
				DEVELOPMENT_TEAM = K7LGXFV6RT;
				GENERATE_INFOPLIST_FILE = YES;
				MARKETING_VERSION = 1.0;
				PRODUCT_BUNDLE_IDENTIFIER = com.yuya.swift.practiceUITests;
				PRODUCT_NAME = "$(TARGET_NAME)";
				SWIFT_EMIT_LOC_STRINGS = NO;
				SWIFT_VERSION = 5.0;
				TARGETED_DEVICE_FAMILY = "1,2";
				TEST_TARGET_NAME = practice;
			};
			name = Release;
		};
/* End XCBuildConfiguration section */

/* Begin XCConfigurationList section */
		F8CF5FCF2AF0AB0100D80012 /* Build configuration list for PBXProject "practice" */ = {
			isa = XCConfigurationList;
			buildConfigurations = (
				F8CF5FF62AF0AB0200D80012 /* Debug */,
				F8CF5FF72AF0AB0200D80012 /* Release */,
			);
			defaultConfigurationIsVisible = 0;
			defaultConfigurationName = Release;
		};
		F8CF5FF82AF0AB0200D80012 /* Build configuration list for PBXNativeTarget "practice" */ = {
			isa = XCConfigurationList;
			buildConfigurations = (
				F8CF5FF92AF0AB0200D80012 /* Debug */,
				F8CF5FFA2AF0AB0200D80012 /* Release */,
			);
			defaultConfigurationIsVisible = 0;
			defaultConfigurationName = Release;
		};
		F8CF5FFB2AF0AB0200D80012 /* Build configuration list for PBXNativeTarget "practiceTests" */ = {
			isa = XCConfigurationList;
			buildConfigurations = (
				F8CF5FFC2AF0AB0200D80012 /* Debug */,
				F8CF5FFD2AF0AB0200D80012 /* Release */,
			);
			defaultConfigurationIsVisible = 0;
			defaultConfigurationName = Release;
		};
		F8CF5FFE2AF0AB0200D80012 /* Build configuration list for PBXNativeTarget "practiceUITests" */ = {
			isa = XCConfigurationList;
			buildConfigurations = (
				F8CF5FFF2AF0AB0200D80012 /* Debug */,
				F8CF60002AF0AB0200D80012 /* Release */,
			);
			defaultConfigurationIsVisible = 0;
			defaultConfigurationName = Release;
		};
/* End XCConfigurationList section */
	};
	rootObject = F8CF5FCC2AF0AB0100D80012 /* Project object */;
}
